
Microsoft Visual Studio Solution File, Format Version 12.00
# Visual Studio Version 17
VisualStudioVersion = 17.9.34728.123
MinimumVisualStudioVersion = 10.0.40219.1
Project("{9A19103F-16F7-4668-BE54-9A1E7A4F7556}") = "RoomBazar.Api", "RoomBazar.Api\RoomBazar.Api.csproj", "{756F1D4F-6E5F-489A-BCEB-9C78E5B65E98}"
	ProjectSection(ProjectDependencies) = postProject
		{6E66D1DA-D4F8-4237-AAB5-73F3004B4297} = {6E66D1DA-D4F8-4237-AAB5-73F3004B4297}
	EndProjectSection
EndProject
Project("{9A19103F-16F7-4668-BE54-9A1E7A4F7556}") = "RoomBazar.Domain", "RoomBazar.Domain\RoomBazar.Domain.csproj", "{1B9DF4F0-E7A9-4D38-9596-48D217AF087C}"
EndProject
Project("{9A19103F-16F7-4668-BE54-9A1E7A4F7556}") = "RoomBazar.Data", "RoomBazar.Data\RoomBazar.Data.csproj", "{6E66D1DA-D4F8-4237-AAB5-73F3004B4297}"
EndProject
Project("{9A19103F-16F7-4668-BE54-9A1E7A4F7556}") = "RoomBazar.Service", "RoomBazar.Service\RoomBazar.Service.csproj", "{71E1CE34-F472-4A7F-A28F-5DF1530705B5}"
	ProjectSection(ProjectDependencies) = postProject
		{1B9DF4F0-E7A9-4D38-9596-48D217AF087C} = {1B9DF4F0-E7A9-4D38-9596-48D217AF087C}
	EndProjectSection
EndProject
Global
	GlobalSection(SolutionConfigurationPlatforms) = preSolution
		Debug|Any CPU = Debug|Any CPU
		Release|Any CPU = Release|Any CPU
	EndGlobalSection
	GlobalSection(ProjectConfigurationPlatforms) = postSolution
		{756F1D4F-6E5F-489A-BCEB-9C78E5B65E98}.Debug|Any CPU.ActiveCfg = Debug|Any CPU
		{756F1D4F-6E5F-489A-BCEB-9C78E5B65E98}.Debug|Any CPU.Build.0 = Debug|Any CPU
		{756F1D4F-6E5F-489A-BCEB-9C78E5B65E98}.Release|Any CPU.ActiveCfg = Release|Any CPU
		{756F1D4F-6E5F-489A-BCEB-9C78E5B65E98}.Release|Any CPU.Build.0 = Release|Any CPU
		{1B9DF4F0-E7A9-4D38-9596-48D217AF087C}.Debug|Any CPU.ActiveCfg = Debug|Any CPU
		{1B9DF4F0-E7A9-4D38-9596-48D217AF087C}.Debug|Any CPU.Build.0 = Debug|Any CPU
		{1B9DF4F0-E7A9-4D38-9596-48D217AF087C}.Release|Any CPU.ActiveCfg = Release|Any CPU
		{1B9DF4F0-E7A9-4D38-9596-48D217AF087C}.Release|Any CPU.Build.0 = Release|Any CPU
		{6E66D1DA-D4F8-4237-AAB5-73F3004B4297}.Debug|Any CPU.ActiveCfg = Debug|Any CPU
		{6E66D1DA-D4F8-4237-AAB5-73F3004B4297}.Debug|Any CPU.Build.0 = Debug|Any CPU
		{6E66D1DA-D4F8-4237-AAB5-73F3004B4297}.Release|Any CPU.ActiveCfg = Release|Any CPU
		{6E66D1DA-D4F8-4237-AAB5-73F3004B4297}.Release|Any CPU.Build.0 = Release|Any CPU
		{71E1CE34-F472-4A7F-A28F-5DF1530705B5}.Debug|Any CPU.ActiveCfg = Debug|Any CPU
		{71E1CE34-F472-4A7F-A28F-5DF1530705B5}.Debug|Any CPU.Build.0 = Debug|Any CPU
		{71E1CE34-F472-4A7F-A28F-5DF1530705B5}.Release|Any CPU.ActiveCfg = Release|Any CPU
		{71E1CE34-F472-4A7F-A28F-5DF1530705B5}.Release|Any CPU.Build.0 = Release|Any CPU
	EndGlobalSection
	GlobalSection(SolutionProperties) = preSolution
		HideSolutionNode = FALSE
	EndGlobalSection
	GlobalSection(ExtensibilityGlobals) = postSolution
		SolutionGuid = {F419E598-A0C2-4FBF-BE22-AC53C2EC75AA}
	EndGlobalSection
EndGlobal
